# @generated by Move, please check-in and do not edit manually.

[move]
version = 3
manifest_digest = "64C3F98ECE5E933761420C70B59E0327D2DC94406D2E97F009EF9E0D325C25DE"
deps_digest = "F8BBB0CCB2491CA29A3DF03D6F92277A4F3574266507ACD77214D37ECA3F3082"
dependencies = [
  { id = "Sui", name = "Sui" },
]

[[move.package]]
id = "MoveStdlib"
source = { git = "https://github.com/MystenLabs/sui.git", rev = "framework/testnet", subdir = "crates/sui-framework/packages/move-stdlib" }

[[move.package]]
id = "Sui"
source = { git = "https://github.com/MystenLabs/sui.git", rev = "framework/testnet", subdir = "crates/sui-framework/packages/sui-framework" }

dependencies = [
  { id = "MoveStdlib", name = "MoveStdlib" },
]

[move.toolchain-version]
compiler-version = "1.60.0"
edition = "2024.beta"
flavor = "sui"

[env]

[env.testnet]
chain-id = "4c78adac"
original-published-id = "0x53406b312a56d3c85fe4fd4c8b6214702631b1e60093b80a151e43281a267727"
latest-published-id = "0x53406b312a56d3c85fe4fd4c8b6214702631b1e60093b80a151e43281a267727"
published-version = "1"
